
Microsoft Visual Studio Solution File, Format Version 12.00
# Visual Studio Version 17
VisualStudioVersion = 17.11.35312.102
MinimumVisualStudioVersion = 10.0.40219.1
Project("{FAE04EC0-301F-11D3-BF4B-00C04F79EFBC}") = "HomeWorkTydzien5Lekcja27", "HomeWorkTydzien5Lekcja27.csproj", "{B49DB2A6-AEB6-4504-9653-C21D7ED70624}"
EndProject
Global
	GlobalSection(SolutionConfigurationPlatforms) = preSolution
		Debug|Any CPU = Debug|Any CPU
		Release|Any CPU = Release|Any CPU
	EndGlobalSection
	GlobalSection(ProjectConfigurationPlatforms) = postSolution
		{B49DB2A6-AEB6-4504-9653-C21D7ED70624}.Debug|Any CPU.ActiveCfg = Debug|Any CPU
		{B49DB2A6-AEB6-4504-9653-C21D7ED70624}.Debug|Any CPU.Build.0 = Debug|Any CPU
		{B49DB2A6-AEB6-4504-9653-C21D7ED70624}.Release|Any CPU.ActiveCfg = Release|Any CPU
		{B49DB2A6-AEB6-4504-9653-C21D7ED70624}.Release|Any CPU.Build.0 = Release|Any CPU
	EndGlobalSection
	GlobalSection(SolutionProperties) = preSolution
		HideSolutionNode = FALSE
	EndGlobalSection
	GlobalSection(ExtensibilityGlobals) = postSolution
		SolutionGuid = {A81F77F9-9F16-49C5-9FE1-377882185137}
	EndGlobalSection
EndGlobal
